
Microsoft Visual Studio Solution File, Format Version 12.00
# Visual Studio Version 17
VisualStudioVersion = 17.7.34018.315
MinimumVisualStudioVersion = 10.0.40219.1
Project("{FAE04EC0-301F-11D3-BF4B-00C04F79EFBC}") = "Uppgift2.4", "Uppgift2.4\Uppgift2.4.csproj", "{6FD64767-F28B-4EC0-A381-EE305DD9E577}"
EndProject
Global
	GlobalSection(SolutionConfigurationPlatforms) = preSolution
		Debug|Any CPU = Debug|Any CPU
		Release|Any CPU = Release|Any CPU
	EndGlobalSection
	GlobalSection(ProjectConfigurationPlatforms) = postSolution
		{6FD64767-F28B-4EC0-A381-EE305DD9E577}.Debug|Any CPU.ActiveCfg = Debug|Any CPU
		{6FD64767-F28B-4EC0-A381-EE305DD9E577}.Debug|Any CPU.Build.0 = Debug|Any CPU
		{6FD64767-F28B-4EC0-A381-EE305DD9E577}.Release|Any CPU.ActiveCfg = Release|Any CPU
		{6FD64767-F28B-4EC0-A381-EE305DD9E577}.Release|Any CPU.Build.0 = Release|Any CPU
	EndGlobalSection
	GlobalSection(SolutionProperties) = preSolution
		HideSolutionNode = FALSE
	EndGlobalSection
	GlobalSection(ExtensibilityGlobals) = postSolution
		SolutionGuid = {DB65C155-C5BF-465E-9B37-716A121468F3}
	EndGlobalSection
EndGlobal
